// !$*UTF8*$!
{
	archiveVersion = 1;
	classes = {
	};
	objectVersion = 56;
	objects = {

/* Begin PBXBuildFile section */
		3C25E7D428F55C9900C7ED0A /* AppDelegate.swift in Sources */ = {isa = PBXBuildFile; fileRef = 3C25E7D328F55C9900C7ED0A /* AppDelegate.swift */; };
		3C25E7D628F55C9900C7ED0A /* SceneDelegate.swift in Sources */ = {isa = PBXBuildFile; fileRef = 3C25E7D528F55C9900C7ED0A /* SceneDelegate.swift */; };
		3C25E7D828F55C9900C7ED0A /* ViewController.swift in Sources */ = {isa = PBXBuildFile; fileRef = 3C25E7D728F55C9900C7ED0A /* ViewController.swift */; };
		3C25E7DB28F55C9900C7ED0A /* Main.storyboard in Resources */ = {isa = PBXBuildFile; fileRef = 3C25E7D928F55C9900C7ED0A /* Main.storyboard */; };
		3C25E7DD28F55C9900C7ED0A /* Assets.xcassets in Resources */ = {isa = PBXBuildFile; fileRef = 3C25E7DC28F55C9900C7ED0A /* Assets.xcassets */; };
		3C25E7E028F55C9900C7ED0A /* LaunchScreen.storyboard in Resources */ = {isa = PBXBuildFile; fileRef = 3C25E7DE28F55C9900C7ED0A /* LaunchScreen.storyboard */; };
		3C25E7EC28F55F6B00C7ED0A /* CancelDelegationViewController.swift in Sources */ = {isa = PBXBuildFile; fileRef = 3C25E7EA28F55F6B00C7ED0A /* CancelDelegationViewController.swift */; };
		3C25E7ED28F55F6B00C7ED0A /* CancelDelegationViewController.xib in Resources */ = {isa = PBXBuildFile; fileRef = 3C25E7EB28F55F6B00C7ED0A /* CancelDelegationViewController.xib */; };
		3C25E7FA28F563AC00C7ED0A /* Cairo-ExtraBold.ttf in Resources */ = {isa = PBXBuildFile; fileRef = 3C25E7F128F563AB00C7ED0A /* Cairo-ExtraBold.ttf */; };
		3C25E7FB28F563AC00C7ED0A /* Cairo-ExtraLight.ttf in Resources */ = {isa = PBXBuildFile; fileRef = 3C25E7F228F563AB00C7ED0A /* Cairo-ExtraLight.ttf */; };
		3C25E7FC28F563AC00C7ED0A /* Cairo-SemiBold.ttf in Resources */ = {isa = PBXBuildFile; fileRef = 3C25E7F328F563AB00C7ED0A /* Cairo-SemiBold.ttf */; };
		3C25E7FD28F563AC00C7ED0A /* Cairo-Medium.ttf in Resources */ = {isa = PBXBuildFile; fileRef = 3C25E7F428F563AB00C7ED0A /* Cairo-Medium.ttf */; };
		3C25E7FE28F563AC00C7ED0A /* Cairo-Regular.ttf in Resources */ = {isa = PBXBuildFile; fileRef = 3C25E7F528F563AC00C7ED0A /* Cairo-Regular.ttf */; };
		3C25E7FF28F563AC00C7ED0A /* Cairo-Light.ttf in Resources */ = {isa = PBXBuildFile; fileRef = 3C25E7F628F563AC00C7ED0A /* Cairo-Light.ttf */; };
		3C25E80028F563AC00C7ED0A /* Cairo-Black.ttf in Resources */ = {isa = PBXBuildFile; fileRef = 3C25E7F728F563AC00C7ED0A /* Cairo-Black.ttf */; };
		3C25E80128F563AC00C7ED0A /* Cairo-Bold.ttf in Resources */ = {isa = PBXBuildFile; fileRef = 3C25E7F828F563AC00C7ED0A /* Cairo-Bold.ttf */; };
		3C25E80228F563AC00C7ED0A /* Cairo-VariableFont_wght.ttf in Resources */ = {isa = PBXBuildFile; fileRef = 3C25E7F928F563AC00C7ED0A /* Cairo-VariableFont_wght.ttf */; };
		3C25E80428F5666B00C7ED0A /* CancelDelegationInteractor.swift in Sources */ = {isa = PBXBuildFile; fileRef = 3C25E80328F5666B00C7ED0A /* CancelDelegationInteractor.swift */; };
		3C25E80628F5667D00C7ED0A /* CancelDelegationPresenter.swift in Sources */ = {isa = PBXBuildFile; fileRef = 3C25E80528F5667D00C7ED0A /* CancelDelegationPresenter.swift */; };
		3C25E80828F5668C00C7ED0A /* CancelDelegationRouter.swift in Sources */ = {isa = PBXBuildFile; fileRef = 3C25E80728F5668C00C7ED0A /* CancelDelegationRouter.swift */; };
		3C25E80A28F5691200C7ED0A /* DelegationConfigurator.swift in Sources */ = {isa = PBXBuildFile; fileRef = 3C25E80928F5691200C7ED0A /* DelegationConfigurator.swift */; };
		3C25E80E28F56D6700C7ED0A /* UploadNewBranchViewController.swift in Sources */ = {isa = PBXBuildFile; fileRef = 3C25E80C28F56D6700C7ED0A /* UploadNewBranchViewController.swift */; };
		3C25E80F28F56D6700C7ED0A /* UploadNewBranchViewController.xib in Resources */ = {isa = PBXBuildFile; fileRef = 3C25E80D28F56D6700C7ED0A /* UploadNewBranchViewController.xib */; };
		3C25E81128F576E700C7ED0A /* UploadNewBranchInteractor.swift in Sources */ = {isa = PBXBuildFile; fileRef = 3C25E81028F576E700C7ED0A /* UploadNewBranchInteractor.swift */; };
		3C25E81328F576F900C7ED0A /* UploadNewBranchPresenter.swift in Sources */ = {isa = PBXBuildFile; fileRef = 3C25E81228F576F900C7ED0A /* UploadNewBranchPresenter.swift */; };
		3C25E81528F5770A00C7ED0A /* UploadNewBranchRouter.swift in Sources */ = {isa = PBXBuildFile; fileRef = 3C25E81428F5770A00C7ED0A /* UploadNewBranchRouter.swift */; };
		3C8A029528F587AE005A554D /* DelegatorDataViewController.swift in Sources */ = {isa = PBXBuildFile; fileRef = 3C8A029328F587AE005A554D /* DelegatorDataViewController.swift */; };
		3C8A029628F587AE005A554D /* DelegatorDataViewController.xib in Resources */ = {isa = PBXBuildFile; fileRef = 3C8A029428F587AE005A554D /* DelegatorDataViewController.xib */; };
		3C8A029828F58D3B005A554D /* DelegatorDataInteractor.swift in Sources */ = {isa = PBXBuildFile; fileRef = 3C8A029728F58D3B005A554D /* DelegatorDataInteractor.swift */; };
		3C8A029A28F58D4C005A554D /* DelegatorDataPresenter.swift in Sources */ = {isa = PBXBuildFile; fileRef = 3C8A029928F58D4C005A554D /* DelegatorDataPresenter.swift */; };
		3C8A029C28F58D5C005A554D /* DelegatorDataaRouter.swift in Sources */ = {isa = PBXBuildFile; fileRef = 3C8A029B28F58D5C005A554D /* DelegatorDataaRouter.swift */; };
		3C8A02A028F59307005A554D /* BankDataViewController.swift in Sources */ = {isa = PBXBuildFile; fileRef = 3C8A029E28F59307005A554D /* BankDataViewController.swift */; };
		3C8A02A128F59307005A554D /* BankDataViewController.xib in Resources */ = {isa = PBXBuildFile; fileRef = 3C8A029F28F59307005A554D /* BankDataViewController.xib */; };
		3C8A02A328F596BC005A554D /* BankDataInteractor.swift in Sources */ = {isa = PBXBuildFile; fileRef = 3C8A02A228F596BC005A554D /* BankDataInteractor.swift */; };
		3C8A02A528F596CA005A554D /* BankDataPresenter.swift in Sources */ = {isa = PBXBuildFile; fileRef = 3C8A02A428F596CA005A554D /* BankDataPresenter.swift */; };
		3C8A02A728F596D8005A554D /* BankDataRouter.swift in Sources */ = {isa = PBXBuildFile; fileRef = 3C8A02A628F596D8005A554D /* BankDataRouter.swift */; };
		3C8A02AB28F59D58005A554D /* ActivityDataViewController.swift in Sources */ = {isa = PBXBuildFile; fileRef = 3C8A02A928F59D58005A554D /* ActivityDataViewController.swift */; };
		3C8A02AC28F59D58005A554D /* ActivityDataViewController.xib in Resources */ = {isa = PBXBuildFile; fileRef = 3C8A02AA28F59D58005A554D /* ActivityDataViewController.xib */; };
		3C8A02AE28F59EDF005A554D /* ActivityDataInteractor.swift in Sources */ = {isa = PBXBuildFile; fileRef = 3C8A02AD28F59EDE005A554D /* ActivityDataInteractor.swift */; };
		3C8A02B028F59EEE005A554D /* ActivityDataPresenter.swift in Sources */ = {isa = PBXBuildFile; fileRef = 3C8A02AF28F59EEE005A554D /* ActivityDataPresenter.swift */; };
		3C8A02B228F59EFB005A554D /* ActivityDataRouter.swift in Sources */ = {isa = PBXBuildFile; fileRef = 3C8A02B128F59EFB005A554D /* ActivityDataRouter.swift */; };
/* End PBXBuildFile section */

/* Begin PBXFileReference section */
		3C25E7D028F55C9900C7ED0A /* Delegation Rasid.app */ = {isa = PBXFileReference; explicitFileType = wrapper.application; includeInIndex = 0; path = "Delegation Rasid.app"; sourceTree = BUILT_PRODUCTS_DIR; };
		3C25E7D328F55C9900C7ED0A /* AppDelegate.swift */ = {isa = PBXFileReference; lastKnownFileType = sourcecode.swift; path = AppDelegate.swift; sourceTree = "<group>"; };
		3C25E7D528F55C9900C7ED0A /* SceneDelegate.swift */ = {isa = PBXFileReference; lastKnownFileType = sourcecode.swift; path = SceneDelegate.swift; sourceTree = "<group>"; };
		3C25E7D728F55C9900C7ED0A /* ViewController.swift */ = {isa = PBXFileReference; lastKnownFileType = sourcecode.swift; path = ViewController.swift; sourceTree = "<group>"; };
		3C25E7DA28F55C9900C7ED0A /* Base */ = {isa = PBXFileReference; lastKnownFileType = file.storyboard; name = Base; path = Base.lproj/Main.storyboard; sourceTree = "<group>"; };
		3C25E7DC28F55C9900C7ED0A /* Assets.xcassets */ = {isa = PBXFileReference; lastKnownFileType = folder.assetcatalog; path = Assets.xcassets; sourceTree = "<group>"; };
		3C25E7DF28F55C9900C7ED0A /* Base */ = {isa = PBXFileReference; lastKnownFileType = file.storyboard; name = Base; path = Base.lproj/LaunchScreen.storyboard; sourceTree = "<group>"; };
		3C25E7E128F55C9900C7ED0A /* Info.plist */ = {isa = PBXFileReference; lastKnownFileType = text.plist.xml; path = Info.plist; sourceTree = "<group>"; };
		3C25E7EA28F55F6B00C7ED0A /* CancelDelegationViewController.swift */ = {isa = PBXFileReference; lastKnownFileType = sourcecode.swift; path = CancelDelegationViewController.swift; sourceTree = "<group>"; };
		3C25E7EB28F55F6B00C7ED0A /* CancelDelegationViewController.xib */ = {isa = PBXFileReference; lastKnownFileType = file.xib; path = CancelDelegationViewController.xib; sourceTree = "<group>"; };
		3C25E7F128F563AB00C7ED0A /* Cairo-ExtraBold.ttf */ = {isa = PBXFileReference; lastKnownFileType = file; path = "Cairo-ExtraBold.ttf"; sourceTree = "<group>"; };
		3C25E7F228F563AB00C7ED0A /* Cairo-ExtraLight.ttf */ = {isa = PBXFileReference; lastKnownFileType = file; path = "Cairo-ExtraLight.ttf"; sourceTree = "<group>"; };
		3C25E7F328F563AB00C7ED0A /* Cairo-SemiBold.ttf */ = {isa = PBXFileReference; lastKnownFileType = file; path = "Cairo-SemiBold.ttf"; sourceTree = "<group>"; };
		3C25E7F428F563AB00C7ED0A /* Cairo-Medium.ttf */ = {isa = PBXFileReference; lastKnownFileType = file; path = "Cairo-Medium.ttf"; sourceTree = "<group>"; };
		3C25E7F528F563AC00C7ED0A /* Cairo-Regular.ttf */ = {isa = PBXFileReference; lastKnownFileType = file; path = "Cairo-Regular.ttf"; sourceTree = "<group>"; };
		3C25E7F628F563AC00C7ED0A /* Cairo-Light.ttf */ = {isa = PBXFileReference; lastKnownFileType = file; path = "Cairo-Light.ttf"; sourceTree = "<group>"; };
		3C25E7F728F563AC00C7ED0A /* Cairo-Black.ttf */ = {isa = PBXFileReference; lastKnownFileType = file; path = "Cairo-Black.ttf"; sourceTree = "<group>"; };
		3C25E7F828F563AC00C7ED0A /* Cairo-Bold.ttf */ = {isa = PBXFileReference; lastKnownFileType = file; path = "Cairo-Bold.ttf"; sourceTree = "<group>"; };
		3C25E7F928F563AC00C7ED0A /* Cairo-VariableFont_wght.ttf */ = {isa = PBXFileReference; lastKnownFileType = file; path = "Cairo-VariableFont_wght.ttf"; sourceTree = "<group>"; };
		3C25E80328F5666B00C7ED0A /* CancelDelegationInteractor.swift */ = {isa = PBXFileReference; lastKnownFileType = sourcecode.swift; path = CancelDelegationInteractor.swift; sourceTree = "<group>"; };
		3C25E80528F5667D00C7ED0A /* CancelDelegationPresenter.swift */ = {isa = PBXFileReference; lastKnownFileType = sourcecode.swift; path = CancelDelegationPresenter.swift; sourceTree = "<group>"; };
		3C25E80728F5668C00C7ED0A /* CancelDelegationRouter.swift */ = {isa = PBXFileReference; lastKnownFileType = sourcecode.swift; path = CancelDelegationRouter.swift; sourceTree = "<group>"; };
		3C25E80928F5691200C7ED0A /* DelegationConfigurator.swift */ = {isa = PBXFileReference; lastKnownFileType = sourcecode.swift; path = DelegationConfigurator.swift; sourceTree = "<group>"; };
		3C25E80C28F56D6700C7ED0A /* UploadNewBranchViewController.swift */ = {isa = PBXFileReference; lastKnownFileType = sourcecode.swift; path = UploadNewBranchViewController.swift; sourceTree = "<group>"; };
		3C25E80D28F56D6700C7ED0A /* UploadNewBranchViewController.xib */ = {isa = PBXFileReference; lastKnownFileType = file.xib; path = UploadNewBranchViewController.xib; sourceTree = "<group>"; };
		3C25E81028F576E700C7ED0A /* UploadNewBranchInteractor.swift */ = {isa = PBXFileReference; lastKnownFileType = sourcecode.swift; path = UploadNewBranchInteractor.swift; sourceTree = "<group>"; };
		3C25E81228F576F900C7ED0A /* UploadNewBranchPresenter.swift */ = {isa = PBXFileReference; lastKnownFileType = sourcecode.swift; path = UploadNewBranchPresenter.swift; sourceTree = "<group>"; };
		3C25E81428F5770A00C7ED0A /* UploadNewBranchRouter.swift */ = {isa = PBXFileReference; lastKnownFileType = sourcecode.swift; path = UploadNewBranchRouter.swift; sourceTree = "<group>"; };
		3C8A029328F587AE005A554D /* DelegatorDataViewController.swift */ = {isa = PBXFileReference; lastKnownFileType = sourcecode.swift; path = DelegatorDataViewController.swift; sourceTree = "<group>"; };
		3C8A029428F587AE005A554D /* DelegatorDataViewController.xib */ = {isa = PBXFileReference; lastKnownFileType = file.xib; path = DelegatorDataViewController.xib; sourceTree = "<group>"; };
		3C8A029728F58D3B005A554D /* DelegatorDataInteractor.swift */ = {isa = PBXFileReference; lastKnownFileType = sourcecode.swift; path = DelegatorDataInteractor.swift; sourceTree = "<group>"; };
		3C8A029928F58D4C005A554D /* DelegatorDataPresenter.swift */ = {isa = PBXFileReference; lastKnownFileType = sourcecode.swift; path = DelegatorDataPresenter.swift; sourceTree = "<group>"; };
		3C8A029B28F58D5C005A554D /* DelegatorDataaRouter.swift */ = {isa = PBXFileReference; lastKnownFileType = sourcecode.swift; path = DelegatorDataaRouter.swift; sourceTree = "<group>"; };
		3C8A029E28F59307005A554D /* BankDataViewController.swift */ = {isa = PBXFileReference; lastKnownFileType = sourcecode.swift; path = BankDataViewController.swift; sourceTree = "<group>"; };
		3C8A029F28F59307005A554D /* BankDataViewController.xib */ = {isa = PBXFileReference; lastKnownFileType = file.xib; path = BankDataViewController.xib; sourceTree = "<group>"; };
		3C8A02A228F596BC005A554D /* BankDataInteractor.swift */ = {isa = PBXFileReference; lastKnownFileType = sourcecode.swift; path = BankDataInteractor.swift; sourceTree = "<group>"; };
		3C8A02A428F596CA005A554D /* BankDataPresenter.swift */ = {isa = PBXFileReference; lastKnownFileType = sourcecode.swift; path = BankDataPresenter.swift; sourceTree = "<group>"; };
		3C8A02A628F596D8005A554D /* BankDataRouter.swift */ = {isa = PBXFileReference; lastKnownFileType = sourcecode.swift; path = BankDataRouter.swift; sourceTree = "<group>"; };
		3C8A02A928F59D58005A554D /* ActivityDataViewController.swift */ = {isa = PBXFileReference; lastKnownFileType = sourcecode.swift; path = ActivityDataViewController.swift; sourceTree = "<group>"; };
		3C8A02AA28F59D58005A554D /* ActivityDataViewController.xib */ = {isa = PBXFileReference; lastKnownFileType = file.xib; path = ActivityDataViewController.xib; sourceTree = "<group>"; };
		3C8A02AD28F59EDE005A554D /* ActivityDataInteractor.swift */ = {isa = PBXFileReference; lastKnownFileType = sourcecode.swift; path = ActivityDataInteractor.swift; sourceTree = "<group>"; };
		3C8A02AF28F59EEE005A554D /* ActivityDataPresenter.swift */ = {isa = PBXFileReference; lastKnownFileType = sourcecode.swift; path = ActivityDataPresenter.swift; sourceTree = "<group>"; };
		3C8A02B128F59EFB005A554D /* ActivityDataRouter.swift */ = {isa = PBXFileReference; lastKnownFileType = sourcecode.swift; path = ActivityDataRouter.swift; sourceTree = "<group>"; };
/* End PBXFileReference section */

/* Begin PBXFrameworksBuildPhase section */
		3C25E7CD28F55C9900C7ED0A /* Frameworks */ = {
			isa = PBXFrameworksBuildPhase;
			buildActionMask = 2147483647;
			files = (
			);
			runOnlyForDeploymentPostprocessing = 0;
		};
/* End PBXFrameworksBuildPhase section */

/* Begin PBXGroup section */
		3C25E7C728F55C9900C7ED0A = {
			isa = PBXGroup;
			children = (
				3C25E7D228F55C9900C7ED0A /* Delegation Rasid */,
				3C25E7D128F55C9900C7ED0A /* Products */,
			);
			sourceTree = "<group>";
		};
		3C25E7D128F55C9900C7ED0A /* Products */ = {
			isa = PBXGroup;
			children = (
				3C25E7D028F55C9900C7ED0A /* Delegation Rasid.app */,
			);
			name = Products;
			sourceTree = "<group>";
		};
		3C25E7D228F55C9900C7ED0A /* Delegation Rasid */ = {
			isa = PBXGroup;
			children = (
				3C25E7EE28F5638100C7ED0A /* Resources */,
				3C25E7E728F55F2700C7ED0A /* Delegation */,
				3C25E7D328F55C9900C7ED0A /* AppDelegate.swift */,
				3C25E7D528F55C9900C7ED0A /* SceneDelegate.swift */,
				3C25E7D728F55C9900C7ED0A /* ViewController.swift */,
				3C25E7D928F55C9900C7ED0A /* Main.storyboard */,
				3C25E7DC28F55C9900C7ED0A /* Assets.xcassets */,
				3C25E7DE28F55C9900C7ED0A /* LaunchScreen.storyboard */,
				3C25E7E128F55C9900C7ED0A /* Info.plist */,
			);
			path = "Delegation Rasid";
			sourceTree = "<group>";
		};
		3C25E7E728F55F2700C7ED0A /* Delegation */ = {
			isa = PBXGroup;
			children = (
				3C8A02A828F59D40005A554D /* activityData */,
				3C8A029D28F59224005A554D /* bankData */,
				3C8A029228F5878A005A554D /* delegatorData */,
				3C25E80B28F56B4C00C7ED0A /* uploadNewBranch */,
				3C25E7E928F55F4500C7ED0A /* cancelDelegation */,
				3C25E7E828F55F3E00C7ED0A /* shared */,
			);
			path = Delegation;
			sourceTree = "<group>";
		};
		3C25E7E828F55F3E00C7ED0A /* shared */ = {
			isa = PBXGroup;
			children = (
				3C25E80928F5691200C7ED0A /* DelegationConfigurator.swift */,
			);
			path = shared;
			sourceTree = "<group>";
		};
		3C25E7E928F55F4500C7ED0A /* cancelDelegation */ = {
			isa = PBXGroup;
			children = (
				3C25E7EA28F55F6B00C7ED0A /* CancelDelegationViewController.swift */,
				3C25E7EB28F55F6B00C7ED0A /* CancelDelegationViewController.xib */,
				3C25E80328F5666B00C7ED0A /* CancelDelegationInteractor.swift */,
				3C25E80528F5667D00C7ED0A /* CancelDelegationPresenter.swift */,
				3C25E80728F5668C00C7ED0A /* CancelDelegationRouter.swift */,
			);
			path = cancelDelegation;
			sourceTree = "<group>";
		};
		3C25E7EE28F5638100C7ED0A /* Resources */ = {
			isa = PBXGroup;
			children = (
				3C25E7EF28F5638A00C7ED0A /* Fonts */,
			);
			path = Resources;
			sourceTree = "<group>";
		};
		3C25E7EF28F5638A00C7ED0A /* Fonts */ = {
			isa = PBXGroup;
			children = (
				3C25E7F028F563AB00C7ED0A /* Cairo Font */,
			);
			path = Fonts;
			sourceTree = "<group>";
		};
		3C25E7F028F563AB00C7ED0A /* Cairo Font */ = {
			isa = PBXGroup;
			children = (
				3C25E7F128F563AB00C7ED0A /* Cairo-ExtraBold.ttf */,
				3C25E7F228F563AB00C7ED0A /* Cairo-ExtraLight.ttf */,
				3C25E7F328F563AB00C7ED0A /* Cairo-SemiBold.ttf */,
				3C25E7F428F563AB00C7ED0A /* Cairo-Medium.ttf */,
				3C25E7F528F563AC00C7ED0A /* Cairo-Regular.ttf */,
				3C25E7F628F563AC00C7ED0A /* Cairo-Light.ttf */,
				3C25E7F728F563AC00C7ED0A /* Cairo-Black.ttf */,
				3C25E7F828F563AC00C7ED0A /* Cairo-Bold.ttf */,
				3C25E7F928F563AC00C7ED0A /* Cairo-VariableFont_wght.ttf */,
			);
			path = "Cairo Font";
			sourceTree = "<group>";
		};
		3C25E80B28F56B4C00C7ED0A /* uploadNewBranch */ = {
			isa = PBXGroup;
			children = (
				3C25E80C28F56D6700C7ED0A /* UploadNewBranchViewController.swift */,
				3C25E80D28F56D6700C7ED0A /* UploadNewBranchViewController.xib */,
				3C25E81028F576E700C7ED0A /* UploadNewBranchInteractor.swift */,
				3C25E81228F576F900C7ED0A /* UploadNewBranchPresenter.swift */,
				3C25E81428F5770A00C7ED0A /* UploadNewBranchRouter.swift */,
			);
			path = uploadNewBranch;
			sourceTree = "<group>";
		};
		3C8A029228F5878A005A554D /* delegatorData */ = {
			isa = PBXGroup;
			children = (
				3C8A029328F587AE005A554D /* DelegatorDataViewController.swift */,
				3C8A029428F587AE005A554D /* DelegatorDataViewController.xib */,
				3C8A029728F58D3B005A554D /* DelegatorDataInteractor.swift */,
				3C8A029928F58D4C005A554D /* DelegatorDataPresenter.swift */,
				3C8A029B28F58D5C005A554D /* DelegatorDataaRouter.swift */,
			);
			path = delegatorData;
			sourceTree = "<group>";
		};
		3C8A029D28F59224005A554D /* bankData */ = {
			isa = PBXGroup;
			children = (
				3C8A029E28F59307005A554D /* BankDataViewController.swift */,
				3C8A029F28F59307005A554D /* BankDataViewController.xib */,
				3C8A02A228F596BC005A554D /* BankDataInteractor.swift */,
				3C8A02A428F596CA005A554D /* BankDataPresenter.swift */,
				3C8A02A628F596D8005A554D /* BankDataRouter.swift */,
			);
			path = bankData;
			sourceTree = "<group>";
		};
		3C8A02A828F59D40005A554D /* activityData */ = {
			isa = PBXGroup;
			children = (
				3C8A02A928F59D58005A554D /* ActivityDataViewController.swift */,
				3C8A02AA28F59D58005A554D /* ActivityDataViewController.xib */,
				3C8A02AD28F59EDE005A554D /* ActivityDataInteractor.swift */,
				3C8A02AF28F59EEE005A554D /* ActivityDataPresenter.swift */,
				3C8A02B128F59EFB005A554D /* ActivityDataRouter.swift */,
			);
			path = activityData;
			sourceTree = "<group>";
		};
/* End PBXGroup section */

/* Begin PBXNativeTarget section */
		3C25E7CF28F55C9900C7ED0A /* Delegation Rasid */ = {
			isa = PBXNativeTarget;
			buildConfigurationList = 3C25E7E428F55C9900C7ED0A /* Build configuration list for PBXNativeTarget "Delegation Rasid" */;
			buildPhases = (
				3C25E7CC28F55C9900C7ED0A /* Sources */,
				3C25E7CD28F55C9900C7ED0A /* Frameworks */,
				3C25E7CE28F55C9900C7ED0A /* Resources */,
			);
			buildRules = (
			);
			dependencies = (
			);
			name = "Delegation Rasid";
			productName = "Delegation Rasid";
			productReference = 3C25E7D028F55C9900C7ED0A /* Delegation Rasid.app */;
			productType = "com.apple.product-type.application";
		};
/* End PBXNativeTarget section */

/* Begin PBXProject section */
		3C25E7C828F55C9900C7ED0A /* Project object */ = {
			isa = PBXProject;
			attributes = {
				BuildIndependentTargetsInParallel = 1;
				LastSwiftUpdateCheck = 1400;
				LastUpgradeCheck = 1400;
				TargetAttributes = {
					3C25E7CF28F55C9900C7ED0A = {
						CreatedOnToolsVersion = 14.0.1;
					};
				};
			};
			buildConfigurationList = 3C25E7CB28F55C9900C7ED0A /* Build configuration list for PBXProject "Delegation Rasid" */;
			compatibilityVersion = "Xcode 14.0";
			developmentRegion = en;
			hasScannedForEncodings = 0;
			knownRegions = (
				en,
				Base,
			);
			mainGroup = 3C25E7C728F55C9900C7ED0A;
			productRefGroup = 3C25E7D128F55C9900C7ED0A /* Products */;
			projectDirPath = "";
			projectRoot = "";
			targets = (
				3C25E7CF28F55C9900C7ED0A /* Delegation Rasid */,
			);
		};
/* End PBXProject section */

/* Begin PBXResourcesBuildPhase section */
		3C25E7CE28F55C9900C7ED0A /* Resources */ = {
			isa = PBXResourcesBuildPhase;
			buildActionMask = 2147483647;
			files = (
				3C8A02A128F59307005A554D /* BankDataViewController.xib in Resources */,
				3C25E7FF28F563AC00C7ED0A /* Cairo-Light.ttf in Resources */,
				3C8A029628F587AE005A554D /* DelegatorDataViewController.xib in Resources */,
				3C8A02AC28F59D58005A554D /* ActivityDataViewController.xib in Resources */,
				3C25E7FE28F563AC00C7ED0A /* Cairo-Regular.ttf in Resources */,
				3C25E7FD28F563AC00C7ED0A /* Cairo-Medium.ttf in Resources */,
				3C25E7ED28F55F6B00C7ED0A /* CancelDelegationViewController.xib in Resources */,
				3C25E80028F563AC00C7ED0A /* Cairo-Black.ttf in Resources */,
				3C25E7FB28F563AC00C7ED0A /* Cairo-ExtraLight.ttf in Resources */,
				3C25E80F28F56D6700C7ED0A /* UploadNewBranchViewController.xib in Resources */,
				3C25E7FA28F563AC00C7ED0A /* Cairo-ExtraBold.ttf in Resources */,
				3C25E80228F563AC00C7ED0A /* Cairo-VariableFont_wght.ttf in Resources */,
				3C25E7E028F55C9900C7ED0A /* LaunchScreen.storyboard in Resources */,
				3C25E7DD28F55C9900C7ED0A /* Assets.xcassets in Resources */,
				3C25E7DB28F55C9900C7ED0A /* Main.storyboard in Resources */,
				3C25E80128F563AC00C7ED0A /* Cairo-Bold.ttf in Resources */,
				3C25E7FC28F563AC00C7ED0A /* Cairo-SemiBold.ttf in Resources */,
			);
			runOnlyForDeploymentPostprocessing = 0;
		};
/* End PBXResourcesBuildPhase section */

/* Begin PBXSourcesBuildPhase section */
		3C25E7CC28F55C9900C7ED0A /* Sources */ = {
			isa = PBXSourcesBuildPhase;
			buildActionMask = 2147483647;
			files = (
				3C8A02B028F59EEE005A554D /* ActivityDataPresenter.swift in Sources */,
				3C25E81528F5770A00C7ED0A /* UploadNewBranchRouter.swift in Sources */,
				3C25E7EC28F55F6B00C7ED0A /* CancelDelegationViewController.swift in Sources */,
				3C8A02A728F596D8005A554D /* BankDataRouter.swift in Sources */,
				3C25E80828F5668C00C7ED0A /* CancelDelegationRouter.swift in Sources */,
				3C25E81128F576E700C7ED0A /* UploadNewBranchInteractor.swift in Sources */,
				3C8A02AB28F59D58005A554D /* ActivityDataViewController.swift in Sources */,
				3C8A029528F587AE005A554D /* DelegatorDataViewController.swift in Sources */,
				3C8A02A528F596CA005A554D /* BankDataPresenter.swift in Sources */,
				3C25E7D828F55C9900C7ED0A /* ViewController.swift in Sources */,
				3C8A029828F58D3B005A554D /* DelegatorDataInteractor.swift in Sources */,
				3C8A02B228F59EFB005A554D /* ActivityDataRouter.swift in Sources */,
				3C25E80628F5667D00C7ED0A /* CancelDelegationPresenter.swift in Sources */,
				3C8A029C28F58D5C005A554D /* DelegatorDataaRouter.swift in Sources */,
				3C8A029A28F58D4C005A554D /* DelegatorDataPresenter.swift in Sources */,
				3C8A02A328F596BC005A554D /* BankDataInteractor.swift in Sources */,
				3C25E80E28F56D6700C7ED0A /* UploadNewBranchViewController.swift in Sources */,
				3C8A02AE28F59EDF005A554D /* ActivityDataInteractor.swift in Sources */,
				3C25E80428F5666B00C7ED0A /* CancelDelegationInteractor.swift in Sources */,
				3C25E7D428F55C9900C7ED0A /* AppDelegate.swift in Sources */,
				3C8A02A028F59307005A554D /* BankDataViewController.swift in Sources */,
				3C25E80A28F5691200C7ED0A /* DelegationConfigurator.swift in Sources */,
				3C25E7D628F55C9900C7ED0A /* SceneDelegate.swift in Sources */,
				3C25E81328F576F900C7ED0A /* UploadNewBranchPresenter.swift in Sources */,
			);
			runOnlyForDeploymentPostprocessing = 0;
		};
/* End PBXSourcesBuildPhase section */

/* Begin PBXVariantGroup section */
		3C25E7D928F55C9900C7ED0A /* Main.storyboard */ = {
			isa = PBXVariantGroup;
			children = (
				3C25E7DA28F55C9900C7ED0A /* Base */,
			);
			name = Main.storyboard;
			sourceTree = "<group>";
		};
		3C25E7DE28F55C9900C7ED0A /* LaunchScreen.storyboard */ = {
			isa = PBXVariantGroup;
			children = (
				3C25E7DF28F55C9900C7ED0A /* Base */,
			);
			name = LaunchScreen.storyboard;
			sourceTree = "<group>";
		};
/* End PBXVariantGroup section */

/* Begin XCBuildConfiguration section */
		3C25E7E228F55C9900C7ED0A /* Debug */ = {
			isa = XCBuildConfiguration;
			buildSettings = {
				ALWAYS_SEARCH_USER_PATHS = NO;
				CLANG_ANALYZER_NONNULL = YES;
				CLANG_ANALYZER_NUMBER_OBJECT_CONVERSION = YES_AGGRESSIVE;
				CLANG_CXX_LANGUAGE_STANDARD = "gnu++20";
				CLANG_ENABLE_MODULES = YES;
				CLANG_ENABLE_OBJC_ARC = YES;
				CLANG_ENABLE_OBJC_WEAK = YES;
				CLANG_WARN_BLOCK_CAPTURE_AUTORELEASING = YES;
				CLANG_WARN_BOOL_CONVERSION = YES;
				CLANG_WARN_COMMA = YES;
				CLANG_WARN_CONSTANT_CONVERSION = YES;
				CLANG_WARN_DEPRECATED_OBJC_IMPLEMENTATIONS = YES;
				CLANG_WARN_DIRECT_OBJC_ISA_USAGE = YES_ERROR;
				CLANG_WARN_DOCUMENTATION_COMMENTS = YES;
				CLANG_WARN_EMPTY_BODY = YES;
				CLANG_WARN_ENUM_CONVERSION = YES;
				CLANG_WARN_INFINITE_RECURSION = YES;
				CLANG_WARN_INT_CONVERSION = YES;
				CLANG_WARN_NON_LITERAL_NULL_CONVERSION = YES;
				CLANG_WARN_OBJC_IMPLICIT_RETAIN_SELF = YES;
				CLANG_WARN_OBJC_LITERAL_CONVERSION = YES;
				CLANG_WARN_OBJC_ROOT_CLASS = YES_ERROR;
				CLANG_WARN_QUOTED_INCLUDE_IN_FRAMEWORK_HEADER = YES;
				CLANG_WARN_RANGE_LOOP_ANALYSIS = YES;
				CLANG_WARN_STRICT_PROTOTYPES = YES;
				CLANG_WARN_SUSPICIOUS_MOVE = YES;
				CLANG_WARN_UNGUARDED_AVAILABILITY = YES_AGGRESSIVE;
				CLANG_WARN_UNREACHABLE_CODE = YES;
				CLANG_WARN__DUPLICATE_METHOD_MATCH = YES;
				COPY_PHASE_STRIP = NO;
				DEBUG_INFORMATION_FORMAT = dwarf;
				ENABLE_STRICT_OBJC_MSGSEND = YES;
				ENABLE_TESTABILITY = YES;
				GCC_C_LANGUAGE_STANDARD = gnu11;
				GCC_DYNAMIC_NO_PIC = NO;
				GCC_NO_COMMON_BLOCKS = YES;
				GCC_OPTIMIZATION_LEVEL = 0;
				GCC_PREPROCESSOR_DEFINITIONS = (
					"DEBUG=1",
					"$(inherited)",
				);
				GCC_WARN_64_TO_32_BIT_CONVERSION = YES;
				GCC_WARN_ABOUT_RETURN_TYPE = YES_ERROR;
				GCC_WARN_UNDECLARED_SELECTOR = YES;
				GCC_WARN_UNINITIALIZED_AUTOS = YES_AGGRESSIVE;
				GCC_WARN_UNUSED_FUNCTION = YES;
				GCC_WARN_UNUSED_VARIABLE = YES;
				IPHONEOS_DEPLOYMENT_TARGET = 16.0;
				MTL_ENABLE_DEBUG_INFO = INCLUDE_SOURCE;
				MTL_FAST_MATH = YES;
				ONLY_ACTIVE_ARCH = YES;
				SDKROOT = iphoneos;
				SWIFT_ACTIVE_COMPILATION_CONDITIONS = DEBUG;
				SWIFT_OPTIMIZATION_LEVEL = "-Onone";
			};
			name = Debug;
		};
		3C25E7E328F55C9900C7ED0A /* Release */ = {
			isa = XCBuildConfiguration;
			buildSettings = {
				ALWAYS_SEARCH_USER_PATHS = NO;
				CLANG_ANALYZER_NONNULL = YES;
				CLANG_ANALYZER_NUMBER_OBJECT_CONVERSION = YES_AGGRESSIVE;
				CLANG_CXX_LANGUAGE_STANDARD = "gnu++20";
				CLANG_ENABLE_MODULES = YES;
				CLANG_ENABLE_OBJC_ARC = YES;
				CLANG_ENABLE_OBJC_WEAK = YES;
				CLANG_WARN_BLOCK_CAPTURE_AUTORELEASING = YES;
				CLANG_WARN_BOOL_CONVERSION = YES;
				CLANG_WARN_COMMA = YES;
				CLANG_WARN_CONSTANT_CONVERSION = YES;
				CLANG_WARN_DEPRECATED_OBJC_IMPLEMENTATIONS = YES;
				CLANG_WARN_DIRECT_OBJC_ISA_USAGE = YES_ERROR;
				CLANG_WARN_DOCUMENTATION_COMMENTS = YES;
				CLANG_WARN_EMPTY_BODY = YES;
				CLANG_WARN_ENUM_CONVERSION = YES;
				CLANG_WARN_INFINITE_RECURSION = YES;
				CLANG_WARN_INT_CONVERSION = YES;
				CLANG_WARN_NON_LITERAL_NULL_CONVERSION = YES;
				CLANG_WARN_OBJC_IMPLICIT_RETAIN_SELF = YES;
				CLANG_WARN_OBJC_LITERAL_CONVERSION = YES;
				CLANG_WARN_OBJC_ROOT_CLASS = YES_ERROR;
				CLANG_WARN_QUOTED_INCLUDE_IN_FRAMEWORK_HEADER = YES;
				CLANG_WARN_RANGE_LOOP_ANALYSIS = YES;
				CLANG_WARN_STRICT_PROTOTYPES = YES;
				CLANG_WARN_SUSPICIOUS_MOVE = YES;
				CLANG_WARN_UNGUARDED_AVAILABILITY = YES_AGGRESSIVE;
				CLANG_WARN_UNREACHABLE_CODE = YES;
				CLANG_WARN__DUPLICATE_METHOD_MATCH = YES;
				COPY_PHASE_STRIP = NO;
				DEBUG_INFORMATION_FORMAT = "dwarf-with-dsym";
				ENABLE_NS_ASSERTIONS = NO;
				ENABLE_STRICT_OBJC_MSGSEND = YES;
				GCC_C_LANGUAGE_STANDARD = gnu11;
				GCC_NO_COMMON_BLOCKS = YES;
				GCC_WARN_64_TO_32_BIT_CONVERSION = YES;
				GCC_WARN_ABOUT_RETURN_TYPE = YES_ERROR;
				GCC_WARN_UNDECLARED_SELECTOR = YES;
				GCC_WARN_UNINITIALIZED_AUTOS = YES_AGGRESSIVE;
				GCC_WARN_UNUSED_FUNCTION = YES;
				GCC_WARN_UNUSED_VARIABLE = YES;
				IPHONEOS_DEPLOYMENT_TARGET = 16.0;
				MTL_ENABLE_DEBUG_INFO = NO;
				MTL_FAST_MATH = YES;
				SDKROOT = iphoneos;
				SWIFT_COMPILATION_MODE = wholemodule;
				SWIFT_OPTIMIZATION_LEVEL = "-O";
				VALIDATE_PRODUCT = YES;
			};
			name = Release;
		};
		3C25E7E528F55C9900C7ED0A /* Debug */ = {
			isa = XCBuildConfiguration;
			buildSettings = {
				ASSETCATALOG_COMPILER_APPICON_NAME = AppIcon;
				ASSETCATALOG_COMPILER_GLOBAL_ACCENT_COLOR_NAME = AccentColor;
				CODE_SIGN_STYLE = Automatic;
				CURRENT_PROJECT_VERSION = 1;
				GENERATE_INFOPLIST_FILE = YES;
				INFOPLIST_FILE = "Delegation Rasid/Info.plist";
				INFOPLIST_KEY_UIApplicationSupportsIndirectInputEvents = YES;
				INFOPLIST_KEY_UILaunchStoryboardName = LaunchScreen;
				INFOPLIST_KEY_UISupportedInterfaceOrientations_iPad = "UIInterfaceOrientationPortrait UIInterfaceOrientationPortraitUpsideDown UIInterfaceOrientationLandscapeLeft UIInterfaceOrientationLandscapeRight";
				INFOPLIST_KEY_UISupportedInterfaceOrientations_iPhone = "UIInterfaceOrientationPortrait UIInterfaceOrientationLandscapeLeft UIInterfaceOrientationLandscapeRight";
				IPHONEOS_DEPLOYMENT_TARGET = 15.0;
				LD_RUNPATH_SEARCH_PATHS = (
					"$(inherited)",
					"@executable_path/Frameworks",
				);
				MARKETING_VERSION = 1.0;
				PRODUCT_BUNDLE_IDENTIFIER = "Rasid.Delegation-Rasid";
				PRODUCT_NAME = "$(TARGET_NAME)";
				SWIFT_EMIT_LOC_STRINGS = YES;
				SWIFT_VERSION = 5.0;
				TARGETED_DEVICE_FAMILY = "1,2";
			};
			name = Debug;
		};
		3C25E7E628F55C9900C7ED0A /* Release */ = {
			isa = XCBuildConfiguration;
			buildSettings = {
				ASSETCATALOG_COMPILER_APPICON_NAME = AppIcon;
				ASSETCATALOG_COMPILER_GLOBAL_ACCENT_COLOR_NAME = AccentColor;
				CODE_SIGN_STYLE = Automatic;
				CURRENT_PROJECT_VERSION = 1;
				GENERATE_INFOPLIST_FILE = YES;
				INFOPLIST_FILE = "Delegation Rasid/Info.plist";
				INFOPLIST_KEY_UIApplicationSupportsIndirectInputEvents = YES;
				INFOPLIST_KEY_UILaunchStoryboardName = LaunchScreen;
				INFOPLIST_KEY_UISupportedInterfaceOrientations_iPad = "UIInterfaceOrientationPortrait UIInterfaceOrientationPortraitUpsideDown UIInterfaceOrientationLandscapeLeft UIInterfaceOrientationLandscapeRight";
				INFOPLIST_KEY_UISupportedInterfaceOrientations_iPhone = "UIInterfaceOrientationPortrait UIInterfaceOrientationLandscapeLeft UIInterfaceOrientationLandscapeRight";
				IPHONEOS_DEPLOYMENT_TARGET = 15.0;
				LD_RUNPATH_SEARCH_PATHS = (
					"$(inherited)",
					"@executable_path/Frameworks",
				);
				MARKETING_VERSION = 1.0;
				PRODUCT_BUNDLE_IDENTIFIER = "Rasid.Delegation-Rasid";
				PRODUCT_NAME = "$(TARGET_NAME)";
				SWIFT_EMIT_LOC_STRINGS = YES;
				SWIFT_VERSION = 5.0;
				TARGETED_DEVICE_FAMILY = "1,2";
			};
			name = Release;
		};
/* End XCBuildConfiguration section */

/* Begin XCConfigurationList section */
		3C25E7CB28F55C9900C7ED0A /* Build configuration list for PBXProject "Delegation Rasid" */ = {
			isa = XCConfigurationList;
			buildConfigurations = (
				3C25E7E228F55C9900C7ED0A /* Debug */,
				3C25E7E328F55C9900C7ED0A /* Release */,
			);
			defaultConfigurationIsVisible = 0;
			defaultConfigurationName = Release;
		};
		3C25E7E428F55C9900C7ED0A /* Build configuration list for PBXNativeTarget "Delegation Rasid" */ = {
			isa = XCConfigurationList;
			buildConfigurations = (
				3C25E7E528F55C9900C7ED0A /* Debug */,
				3C25E7E628F55C9900C7ED0A /* Release */,
			);
			defaultConfigurationIsVisible = 0;
			defaultConfigurationName = Release;
		};
/* End XCConfigurationList section */
	};
	rootObject = 3C25E7C828F55C9900C7ED0A /* Project object */;
}
